
Microsoft Visual Studio Solution File, Format Version 12.00
# Visual Studio Version 17
VisualStudioVersion = 17.11.35312.102
MinimumVisualStudioVersion = 10.0.40219.1
Project("{9A19103F-16F7-4668-BE54-9A1E7A4F7556}") = "ControleGastosFamiliaApi", "ControleGastosFamiliaApi.csproj", "{BB44025B-70B6-4EA5-A89D-43C1C843C089}"
EndProject
Global
	GlobalSection(SolutionConfigurationPlatforms) = preSolution
		Debug|Any CPU = Debug|Any CPU
		Release|Any CPU = Release|Any CPU
	EndGlobalSection
	GlobalSection(ProjectConfigurationPlatforms) = postSolution
		{BB44025B-70B6-4EA5-A89D-43C1C843C089}.Debug|Any CPU.ActiveCfg = Debug|Any CPU
		{BB44025B-70B6-4EA5-A89D-43C1C843C089}.Debug|Any CPU.Build.0 = Debug|Any CPU
		{BB44025B-70B6-4EA5-A89D-43C1C843C089}.Release|Any CPU.ActiveCfg = Release|Any CPU
		{BB44025B-70B6-4EA5-A89D-43C1C843C089}.Release|Any CPU.Build.0 = Release|Any CPU
	EndGlobalSection
	GlobalSection(SolutionProperties) = preSolution
		HideSolutionNode = FALSE
	EndGlobalSection
	GlobalSection(ExtensibilityGlobals) = postSolution
		SolutionGuid = {6CE39D40-0787-4F21-B674-ED15C7C8215E}
	EndGlobalSection
EndGlobal
